{
    "requires": true,
    "lockfileVersion": 1,
    "dependencies": {
        "ajv": {
            "version": "5.5.2",
            "resolved": "https://registry.npmjs.org/ajv/-/ajv-5.5.2.tgz",
            "integrity": "sha1-c7Xuyj+rZT49P5Qis0GtQiBdyWU=",
            "dev": true,
            "requires": {
                "co": "4.6.0",
                "fast-deep-equal": "1.0.0",
                "fast-json-stable-stringify": "2.0.0",
                "json-schema-traverse": "0.3.1"
            }
        },
        "ajv-keywords": {
            "version": "2.1.1",
            "resolved": "https://registry.npmjs.org/ajv-keywords/-/ajv-keywords-2.1.1.tgz",
            "integrity": "sha1-YXmX/F9gV2iUxDX5QNgZ4TW4B2I=",
            "dev": true
        },
        "array-union": {
            "version": "1.0.2",
            "resolved": "https://registry.npmjs.org/array-union/-/array-union-1.0.2.tgz",
            "integrity": "sha1-mjRBDk9OPaI96jdb5b5w8kd47Dk=",
            "dev": true,
            "requires": {
                "array-uniq": "1.0.3"
            }
        },
        "array-uniq": {
            "version": "1.0.3",
            "resolved": "https://registry.npmjs.org/array-uniq/-/array-uniq-1.0.3.tgz",
            "integrity": "sha1-r2rId6Jcx/dOBYiUdThY39sk/bY=",
            "dev": true
        },
        "arrify": {
            "version": "1.0.1",
            "resolved": "https://registry.npmjs.org/arrify/-/arrify-1.0.1.tgz",
            "integrity": "sha1-iYUI2iIm84DfkEcoRWhJwVAaSw0=",
            "dev": true
        },
        "axios": {
            "version": "0.17.1",
            "resolved": "https://registry.npmjs.org/axios/-/axios-0.17.1.tgz",
            "integrity": "sha1-LY4+XQvb1zJ/kbyBT1xXZg+Bgk0=",
            "requires": {
                "follow-redirects": "1.4.1",
                "is-buffer": "1.1.6"
            }
        },
        "balanced-match": {
            "version": "1.0.0",
            "resolved": "https://registry.npmjs.org/balanced-match/-/balanced-match-1.0.0.tgz",
            "integrity": "sha1-ibTRmasr7kneFk6gK4nORi1xt2c=",
            "dev": true
        },
        "brace-expansion": {
            "version": "1.1.8",
            "resolved": "https://registry.npmjs.org/brace-expansion/-/brace-expansion-1.1.8.tgz",
            "integrity": "sha1-wHshHHyVLsH479Uad+8NHTmQopI=",
            "dev": true,
            "requires": {
                "balanced-match": "1.0.0",
                "concat-map": "0.0.1"
            }
        },
        "co": {
            "version": "4.6.0",
            "resolved": "https://registry.npmjs.org/co/-/co-4.6.0.tgz",
            "integrity": "sha1-bqa989hTrlTMuOR7+gvz+QMfsYQ=",
            "dev": true
        },
        "commander": {
            "version": "2.13.0",
            "resolved": "https://registry.npmjs.org/commander/-/commander-2.13.0.tgz",
            "integrity": "sha512-MVuS359B+YzaWqjCL/c+22gfryv+mCBPHAv3zyVI2GN8EY6IRP8VwtasXn8jyyhvvq84R4ImN1OKRtcbIasjYA==",
            "dev": true
        },
        "concat-map": {
            "version": "0.0.1",
            "resolved": "https://registry.npmjs.org/concat-map/-/concat-map-0.0.1.tgz",
            "integrity": "sha1-2Klr13/Wjfd5OnMDajug1UBdR3s=",
            "dev": true
        },
        "concat-with-sourcemaps": {
            "version": "1.0.5",
            "resolved": "https://registry.npmjs.org/concat-with-sourcemaps/-/concat-with-sourcemaps-1.0.5.tgz",
            "integrity": "sha512-YtnS0VEY+e2Khzsey/6mra9EoM6h/5gxaC0e3mcHpA5yfDxafhygytNmcJWodvUgyXzSiL5MSkPO6bQGgfliHw==",
            "dev": true,
            "requires": {
                "source-map": "0.6.1"
            }
        },
        "debug": {
            "version": "3.1.0",
            "resolved": "https://registry.npmjs.org/debug/-/debug-3.1.0.tgz",
            "integrity": "sha512-OX8XqP7/1a9cqkxYw2yXss15f26NKWBpDXQd0/uK/KPqdQhxbPa994hnzjcE2VqQpDslf55723cKPUOGSmMY3g==",
            "requires": {
                "ms": "2.0.0"
            }
        },
        "dir-glob": {
            "version": "2.0.0",
            "resolved": "https://registry.npmjs.org/dir-glob/-/dir-glob-2.0.0.tgz",
            "integrity": "sha512-37qirFDz8cA5fimp9feo43fSuRo2gHwaIn6dXL8Ber1dGwUosDrGZeCCXq57WnIqE4aQ+u3eQZzsk1yOzhdwag==",
            "dev": true,
            "requires": {
                "arrify": "1.0.1",
                "path-type": "3.0.0"
            }
        },
        "fast-deep-equal": {
            "version": "1.0.0",
            "resolved": "https://registry.npmjs.org/fast-deep-equal/-/fast-deep-equal-1.0.0.tgz",
            "integrity": "sha1-liVqO8l1WV6zbYLpkp0GDYk0Of8=",
            "dev": true
        },
        "fast-json-stable-stringify": {
            "version": "2.0.0",
            "resolved": "https://registry.npmjs.org/fast-json-stable-stringify/-/fast-json-stable-stringify-2.0.0.tgz",
            "integrity": "sha1-1RQsDK7msRifh9OnYREGT4bIu/I=",
            "dev": true
        },
        "follow-redirects": {
            "version": "1.4.1",
            "resolved": "https://registry.npmjs.org/follow-redirects/-/follow-redirects-1.4.1.tgz",
            "integrity": "sha512-uxYePVPogtya1ktGnAAXOacnbIuRMB4dkvqeNz2qTtTQsuzSfbDolV+wMMKxAmCx0bLgAKLbBOkjItMbbkR1vg==",
            "requires": {
                "debug": "3.1.0"
            }
        },
        "fs": {
            "version": "0.0.1-security",
            "resolved": "https://registry.npmjs.org/fs/-/fs-0.0.1-security.tgz",
            "integrity": "sha1-invTcYa23d84E/I4WLV+yq9eQdQ="
        },
        "fs.realpath": {
            "version": "1.0.0",
            "resolved": "https://registry.npmjs.org/fs.realpath/-/fs.realpath-1.0.0.tgz",
            "integrity": "sha1-FQStJSMVjKpA20onh8sBQRmU6k8=",
            "dev": true
        },
        "glob": {
            "version": "7.1.2",
            "resolved": "https://registry.npmjs.org/glob/-/glob-7.1.2.tgz",
            "integrity": "sha512-MJTUg1kjuLeQCJ+ccE4Vpa6kKVXkPYJ2mOCQyUuKLcLQsdrMCpBPUi8qVE6+YuaJkozeA9NusTAw3hLr8Xe5EQ==",
            "dev": true,
            "requires": {
                "fs.realpath": "1.0.0",
                "inflight": "1.0.6",
                "inherits": "2.0.3",
                "minimatch": "3.0.4",
                "once": "1.4.0",
                "path-is-absolute": "1.0.1"
            }
        },
        "globby": {
            "version": "7.1.1",
            "resolved": "https://registry.npmjs.org/globby/-/globby-7.1.1.tgz",
            "integrity": "sha1-+yzP+UAfhgCUXfral0QMypcrhoA=",
            "dev": true,
            "requires": {
                "array-union": "1.0.2",
                "dir-glob": "2.0.0",
                "glob": "7.1.2",
                "ignore": "3.3.7",
                "pify": "3.0.0",
                "slash": "1.0.0"
            }
        },
        "ignore": {
            "version": "3.3.7",
            "resolved": "https://registry.npmjs.org/ignore/-/ignore-3.3.7.tgz",
            "integrity": "sha512-YGG3ejvBNHRqu0559EOxxNFihD0AjpvHlC/pdGKd3X3ofe+CoJkYazwNJYTNebqpPKN+VVQbh4ZFn1DivMNuHA==",
            "dev": true
        },
        "inflight": {
            "version": "1.0.6",
            "resolved": "https://registry.npmjs.org/inflight/-/inflight-1.0.6.tgz",
            "integrity": "sha1-Sb1jMdfQLQwJvJEKEHW6gWW1bfk=",
            "dev": true,
            "requires": {
                "once": "1.4.0",
                "wrappy": "1.0.2"
            }
        },
        "inherits": {
            "version": "2.0.3",
            "resolved": "https://registry.npmjs.org/inherits/-/inherits-2.0.3.tgz",
            "integrity": "sha1-Yzwsg+PaQqUC9SRmAiSA9CCCYd4=",
            "dev": true
        },
        "is-buffer": {
            "version": "1.1.6",
            "resolved": "https://registry.npmjs.org/is-buffer/-/is-buffer-1.1.6.tgz",
            "integrity": "sha512-NcdALwpXkTm5Zvvbk7owOUSvVvBKDgKP5/ewfXEznmQFfs4ZRmanOeKBTjRVjka3QFoN6XJ+9F3USqfHqTaU5w=="
        },
        "json-schema-traverse": {
            "version": "0.3.1",
            "resolved": "https://registry.npmjs.org/json-schema-traverse/-/json-schema-traverse-0.3.1.tgz",
            "integrity": "sha1-NJptRMU6Ud6JtAgFxdXlm0F9M0A=",
            "dev": true
        },
        "minimatch": {
            "version": "3.0.4",
            "resolved": "https://registry.npmjs.org/minimatch/-/minimatch-3.0.4.tgz",
            "integrity": "sha512-yJHVQEhyqPLUTgt9B83PXu6W3rx4MvvHvSUvToogpwoGDOUQ+yDrR0HRot+yOCdCO7u4hX3pWft6kWBBcqh0UA==",
            "dev": true,
            "requires": {
                "brace-expansion": "1.1.8"
            }
        },
        "ms": {
            "version": "2.0.0",
            "resolved": "https://registry.npmjs.org/ms/-/ms-2.0.0.tgz",
            "integrity": "sha1-VgiurfwAvmwpAd9fmGF4jeDVl8g="
        },
        "once": {
            "version": "1.4.0",
            "resolved": "https://registry.npmjs.org/once/-/once-1.4.0.tgz",
            "integrity": "sha1-WDsap3WWHUsROsF9nFC6753Xa9E=",
            "dev": true,
            "requires": {
                "wrappy": "1.0.2"
            }
        },
        "path-is-absolute": {
            "version": "1.0.1",
            "resolved": "https://registry.npmjs.org/path-is-absolute/-/path-is-absolute-1.0.1.tgz",
            "integrity": "sha1-F0uSaHNVNP+8es5r9TpanhtcX18=",
            "dev": true
        },
        "path-type": {
            "version": "3.0.0",
            "resolved": "https://registry.npmjs.org/path-type/-/path-type-3.0.0.tgz",
            "integrity": "sha512-T2ZUsdZFHgA3u4e5PfPbjd7HDDpxPnQb5jN0SrDsjNSuVXHJqtwTnWqG0B1jZrgmJ/7lj1EmVIByWt1gxGkWvg==",
            "dev": true,
            "requires": {
                "pify": "3.0.0"
            }
        },
        "pify": {
            "version": "3.0.0",
            "resolved": "https://registry.npmjs.org/pify/-/pify-3.0.0.tgz",
            "integrity": "sha1-5aSs0sEB/fPZpNB/DbxNtJ3SgXY=",
            "dev": true
        },
        "schema-utils": {
            "version": "0.4.3",
            "resolved": "https://registry.npmjs.org/schema-utils/-/schema-utils-0.4.3.tgz",
            "integrity": "sha512-sgv/iF/T4/SewJkaVpldKC4WjSkz0JsOh2eKtxCPpCO1oR05+7MOF+H476HVRbLArkgA7j5TRJJ4p2jdFkUGQQ==",
            "dev": true,
            "requires": {
                "ajv": "5.5.2",
                "ajv-keywords": "2.1.1"
            }
        },
        "slash": {
            "version": "1.0.0",
            "resolved": "https://registry.npmjs.org/slash/-/slash-1.0.0.tgz",
            "integrity": "sha1-xB8vbDn8FtHNF61LXYlhFK5HDVU=",
            "dev": true
        },
        "source-map": {
            "version": "0.6.1",
            "resolved": "https://registry.npmjs.org/source-map/-/source-map-0.6.1.tgz",
            "integrity": "sha512-UjgapumWlbMhkBgzT7Ykc5YXUT46F0iKu8SGXq0bcwP5dz/h0Plj6enJqjz1Zbq2l5WaqYnrVbwWOWMyF3F47g==",
            "dev": true
        },
        "uglify-es": {
            "version": "3.3.9",
            "resolved": "https://registry.npmjs.org/uglify-es/-/uglify-es-3.3.9.tgz",
            "integrity": "sha512-r+MU0rfv4L/0eeW3xZrd16t4NZfK8Ld4SWVglYBb7ez5uXFWHuVRs6xCTrf1yirs9a4j4Y27nn7SRfO6v67XsQ==",
            "dev": true,
            "requires": {
                "commander": "2.13.0",
                "source-map": "0.6.1"
            }
        },
        "vuex": {
            "version": "3.0.1",
            "resolved": "https://registry.npmjs.org/vuex/-/vuex-3.0.1.tgz",
            "integrity": "sha512-wLoqz0B7DSZtgbWL1ShIBBCjv22GV5U+vcBFox658g6V0s4wZV9P4YjCNyoHSyIBpj1f29JBoNQIqD82cR4O3w=="
        },
        "webpack-concat-plugin": {
            "version": "2.4.2",
            "resolved": "https://registry.npmjs.org/webpack-concat-plugin/-/webpack-concat-plugin-2.4.2.tgz",
            "integrity": "sha512-WeUupAuh8+9klExJa8KSJe036tmSc4c+st+ijzQckr7QoKl12UrnZF+xOoJ9pycYu7VylV71AUvTVOGGK6PPFg==",
            "dev": true,
            "requires": {
                "concat-with-sourcemaps": "1.0.5",
                "globby": "7.1.1",
                "schema-utils": "0.4.3",
                "uglify-es": "3.3.9"
            }
        },
        "wrappy": {
            "version": "1.0.2",
            "resolved": "https://registry.npmjs.org/wrappy/-/wrappy-1.0.2.tgz",
            "integrity": "sha1-tSQ9jz7BqjXxNkYFvA0QNuMKtp8=",
            "dev": true
        }
    }
}
